PODS:
  - Alamofire (4.9.1)
  - SwiftyJSON (5.0.0)

DEPENDENCIES:
  - Alamofire
  - SwiftyJSON

SPEC REPOS:
  trunk:
    - Alamofire
    - SwiftyJSON

SPEC CHECKSUMS:
  Alamofire: 85e8a02c69d6020a0d734f6054870d7ecb75cf18
  SwiftyJSON: 36413e04c44ee145039d332b4f4e2d3e8d6c4db7

PODFILE CHECKSUM: d6d11ca02014b8783bcc5c5975f14c08f1a8001a

COCOAPODS: 1.8.4
