// !$*UTF8*$!
{
	archiveVersion = 1;
	classes = {
	};
	objectVersion = 51;
	objects = {

/* Begin PBXBuildFile section */
		069FA1C3236B04B50057BAD1 /* AppDelegate.swift in Sources */ = {isa = PBXBuildFile; fileRef = 069FA1C2236B04B50057BAD1 /* AppDelegate.swift */; };
		069FA1C5236B04B50057BAD1 /* SceneDelegate.swift in Sources */ = {isa = PBXBuildFile; fileRef = 069FA1C4236B04B50057BAD1 /* SceneDelegate.swift */; };
		069FA1C7236B04B50057BAD1 /* ViewController.swift in Sources */ = {isa = PBXBuildFile; fileRef = 069FA1C6236B04B50057BAD1 /* ViewController.swift */; };
		069FA1CA236B04B50057BAD1 /* Main.storyboard in Resources */ = {isa = PBXBuildFile; fileRef = 069FA1C8236B04B50057BAD1 /* Main.storyboard */; };
		069FA1CC236B04E10057BAD1 /* Assets.xcassets in Resources */ = {isa = PBXBuildFile; fileRef = 069FA1CB236B04E10057BAD1 /* Assets.xcassets */; };
		069FA1CF236B04E10057BAD1 /* LaunchScreen.storyboard in Resources */ = {isa = PBXBuildFile; fileRef = 069FA1CD236B04E10057BAD1 /* LaunchScreen.storyboard */; };
		06AD4C512372DCDE001579B8 /* LoginViewController.swift in Sources */ = {isa = PBXBuildFile; fileRef = 06AD4C502372DCDE001579B8 /* LoginViewController.swift */; };
		06AD4C532372DDD9001579B8 /* WebServices.swift in Sources */ = {isa = PBXBuildFile; fileRef = 06AD4C522372DDD9001579B8 /* WebServices.swift */; };
		06AD4C552372DFEB001579B8 /* Utils.swift in Sources */ = {isa = PBXBuildFile; fileRef = 06AD4C542372DFEB001579B8 /* Utils.swift */; };
		06D713D02370295E000AEFF1 /* helpdeskLogo.png in Resources */ = {isa = PBXBuildFile; fileRef = 06D713CE2370295E000AEFF1 /* helpdeskLogo.png */; };
		06D713D12370295E000AEFF1 /* main_helpdesk.jpg in Resources */ = {isa = PBXBuildFile; fileRef = 06D713CF2370295E000AEFF1 /* main_helpdesk.jpg */; };
		9DC4FF9F02A25B807520C771 /* Pods_FaveoHelpdeskPro_Swift.framework in Frameworks */ = {isa = PBXBuildFile; fileRef = F78D7FEAA501B13AD7BB8827 /* Pods_FaveoHelpdeskPro_Swift.framework */; };
/* End PBXBuildFile section */

/* Begin PBXFileReference section */
		069FA1BF236B04B50057BAD1 /* FaveoHelpdeskPro_Swift.app */ = {isa = PBXFileReference; explicitFileType = wrapper.application; includeInIndex = 0; path = FaveoHelpdeskPro_Swift.app; sourceTree = BUILT_PRODUCTS_DIR; };
		069FA1C2236B04B50057BAD1 /* AppDelegate.swift */ = {isa = PBXFileReference; lastKnownFileType = sourcecode.swift; path = AppDelegate.swift; sourceTree = "<group>"; };
		069FA1C4236B04B50057BAD1 /* SceneDelegate.swift */ = {isa = PBXFileReference; lastKnownFileType = sourcecode.swift; path = SceneDelegate.swift; sourceTree = "<group>"; };
		069FA1C6236B04B50057BAD1 /* ViewController.swift */ = {isa = PBXFileReference; lastKnownFileType = sourcecode.swift; path = ViewController.swift; sourceTree = "<group>"; };
		069FA1C9236B04B50057BAD1 /* Base */ = {isa = PBXFileReference; lastKnownFileType = file.storyboard; name = Base; path = Base.lproj/Main.storyboard; sourceTree = "<group>"; };
		069FA1CB236B04E10057BAD1 /* Assets.xcassets */ = {isa = PBXFileReference; lastKnownFileType = folder.assetcatalog; path = Assets.xcassets; sourceTree = "<group>"; };
		069FA1CE236B04E10057BAD1 /* Base */ = {isa = PBXFileReference; lastKnownFileType = file.storyboard; name = Base; path = Base.lproj/LaunchScreen.storyboard; sourceTree = "<group>"; };
		069FA1D0236B04E10057BAD1 /* Info.plist */ = {isa = PBXFileReference; lastKnownFileType = text.plist.xml; path = Info.plist; sourceTree = "<group>"; };
		06AD4C502372DCDE001579B8 /* LoginViewController.swift */ = {isa = PBXFileReference; lastKnownFileType = sourcecode.swift; path = LoginViewController.swift; sourceTree = "<group>"; };
		06AD4C522372DDD9001579B8 /* WebServices.swift */ = {isa = PBXFileReference; lastKnownFileType = sourcecode.swift; path = WebServices.swift; sourceTree = "<group>"; };
		06AD4C542372DFEB001579B8 /* Utils.swift */ = {isa = PBXFileReference; lastKnownFileType = sourcecode.swift; path = Utils.swift; sourceTree = "<group>"; };
		06D713CE2370295E000AEFF1 /* helpdeskLogo.png */ = {isa = PBXFileReference; lastKnownFileType = image.png; path = helpdeskLogo.png; sourceTree = "<group>"; };
		06D713CF2370295E000AEFF1 /* main_helpdesk.jpg */ = {isa = PBXFileReference; lastKnownFileType = image.jpeg; path = main_helpdesk.jpg; sourceTree = "<group>"; };
		2A4761A134BF2BAD59A90B77 /* Pods-FaveoHelpdeskPro_Swift.release.xcconfig */ = {isa = PBXFileReference; includeInIndex = 1; lastKnownFileType = text.xcconfig; name = "Pods-FaveoHelpdeskPro_Swift.release.xcconfig"; path = "Target Support Files/Pods-FaveoHelpdeskPro_Swift/Pods-FaveoHelpdeskPro_Swift.release.xcconfig"; sourceTree = "<group>"; };
		C10C993AA0740565531E2D9F /* Pods-FaveoHelpdeskPro_Swift.debug.xcconfig */ = {isa = PBXFileReference; includeInIndex = 1; lastKnownFileType = text.xcconfig; name = "Pods-FaveoHelpdeskPro_Swift.debug.xcconfig"; path = "Target Support Files/Pods-FaveoHelpdeskPro_Swift/Pods-FaveoHelpdeskPro_Swift.debug.xcconfig"; sourceTree = "<group>"; };
		F78D7FEAA501B13AD7BB8827 /* Pods_FaveoHelpdeskPro_Swift.framework */ = {isa = PBXFileReference; explicitFileType = wrapper.framework; includeInIndex = 0; path = Pods_FaveoHelpdeskPro_Swift.framework; sourceTree = BUILT_PRODUCTS_DIR; };
/* End PBXFileReference section */

/* Begin PBXFrameworksBuildPhase section */
		069FA1BC236B04B50057BAD1 /* Frameworks */ = {
			isa = PBXFrameworksBuildPhase;
			buildActionMask = 2147483647;
			files = (
				9DC4FF9F02A25B807520C771 /* Pods_FaveoHelpdeskPro_Swift.framework in Frameworks */,
			);
			runOnlyForDeploymentPostprocessing = 0;
		};
/* End PBXFrameworksBuildPhase section */

/* Begin PBXGroup section */
		069FA1B6236B04B50057BAD1 = {
			isa = PBXGroup;
			children = (
				069FA1C1236B04B50057BAD1 /* FaveoHelpdeskPro_Swift */,
				069FA1C0236B04B50057BAD1 /* Products */,
				10FE5CA60E40CC398BD51591 /* Pods */,
				FFB59A249391CAFC850C6F4D /* Frameworks */,
			);
			sourceTree = "<group>";
		};
		069FA1C0236B04B50057BAD1 /* Products */ = {
			isa = PBXGroup;
			children = (
				069FA1BF236B04B50057BAD1 /* FaveoHelpdeskPro_Swift.app */,
			);
			name = Products;
			sourceTree = "<group>";
		};
		069FA1C1236B04B50057BAD1 /* FaveoHelpdeskPro_Swift */ = {
			isa = PBXGroup;
			children = (
				069FA1DC236B060F0057BAD1 /* AppDelegates */,
				069FA1DB236B06020057BAD1 /* WebServices */,
				069FA1D7236B05AC0057BAD1 /* Modal */,
				069FA1D8236B05C60057BAD1 /* Controllers */,
				069FA1D6236B05A30057BAD1 /* Views */,
				069FA1D9236B05E10057BAD1 /* Resources */,
				069FA1DA236B05F80057BAD1 /* Libraries */,
				069FA1C6236B04B50057BAD1 /* ViewController.swift */,
				069FA1D0236B04E10057BAD1 /* Info.plist */,
			);
			path = FaveoHelpdeskPro_Swift;
			sourceTree = "<group>";
		};
		069FA1D6236B05A30057BAD1 /* Views */ = {
			isa = PBXGroup;
			children = (
			);
			path = Views;
			sourceTree = "<group>";
		};
		069FA1D7236B05AC0057BAD1 /* Modal */ = {
			isa = PBXGroup;
			children = (
				06AD4C542372DFEB001579B8 /* Utils.swift */,
			);
			path = Modal;
			sourceTree = "<group>";
		};
		069FA1D8236B05C60057BAD1 /* Controllers */ = {
			isa = PBXGroup;
			children = (
				069FA1DF236B08230057BAD1 /* Login */,
				069FA1E0236B082E0057BAD1 /* InboxViewController */,
			);
			path = Controllers;
			sourceTree = "<group>";
		};
		069FA1D9236B05E10057BAD1 /* Resources */ = {
			isa = PBXGroup;
			children = (
				069FA1DD236B06480057BAD1 /* Storyboard */,
				069FA1DE236B065F0057BAD1 /* Images */,
			);
			path = Resources;
			sourceTree = "<group>";
		};
		069FA1DA236B05F80057BAD1 /* Libraries */ = {
			isa = PBXGroup;
			children = (
			);
			path = Libraries;
			sourceTree = "<group>";
		};
		069FA1DB236B06020057BAD1 /* WebServices */ = {
			isa = PBXGroup;
			children = (
				06AD4C522372DDD9001579B8 /* WebServices.swift */,
			);
			path = WebServices;
			sourceTree = "<group>";
		};
		069FA1DC236B060F0057BAD1 /* AppDelegates */ = {
			isa = PBXGroup;
			children = (
				069FA1C2236B04B50057BAD1 /* AppDelegate.swift */,
				069FA1C4236B04B50057BAD1 /* SceneDelegate.swift */,
			);
			path = AppDelegates;
			sourceTree = "<group>";
		};
		069FA1DD236B06480057BAD1 /* Storyboard */ = {
			isa = PBXGroup;
			children = (
				069FA1C8236B04B50057BAD1 /* Main.storyboard */,
				069FA1CD236B04E10057BAD1 /* LaunchScreen.storyboard */,
			);
			path = Storyboard;
			sourceTree = "<group>";
		};
		069FA1DE236B065F0057BAD1 /* Images */ = {
			isa = PBXGroup;
			children = (
				06D713CE2370295E000AEFF1 /* helpdeskLogo.png */,
				06D713CF2370295E000AEFF1 /* main_helpdesk.jpg */,
				069FA1CB236B04E10057BAD1 /* Assets.xcassets */,
			);
			path = Images;
			sourceTree = "<group>";
		};
		069FA1DF236B08230057BAD1 /* Login */ = {
			isa = PBXGroup;
			children = (
				06AD4C502372DCDE001579B8 /* LoginViewController.swift */,
			);
			path = Login;
			sourceTree = "<group>";
		};
		069FA1E0236B082E0057BAD1 /* InboxViewController */ = {
			isa = PBXGroup;
			children = (
			);
			path = InboxViewController;
			sourceTree = "<group>";
		};
		10FE5CA60E40CC398BD51591 /* Pods */ = {
			isa = PBXGroup;
			children = (
				C10C993AA0740565531E2D9F /* Pods-FaveoHelpdeskPro_Swift.debug.xcconfig */,
				2A4761A134BF2BAD59A90B77 /* Pods-FaveoHelpdeskPro_Swift.release.xcconfig */,
			);
			path = Pods;
			sourceTree = "<group>";
		};
		FFB59A249391CAFC850C6F4D /* Frameworks */ = {
			isa = PBXGroup;
			children = (
				F78D7FEAA501B13AD7BB8827 /* Pods_FaveoHelpdeskPro_Swift.framework */,
			);
			name = Frameworks;
			sourceTree = "<group>";
		};
/* End PBXGroup section */

/* Begin PBXNativeTarget section */
		069FA1BE236B04B50057BAD1 /* FaveoHelpdeskPro_Swift */ = {
			isa = PBXNativeTarget;
			buildConfigurationList = 069FA1D3236B04E10057BAD1 /* Build configuration list for PBXNativeTarget "FaveoHelpdeskPro_Swift" */;
			buildPhases = (
				C2A30A48A8F3B5961F87D3C5 /* [CP] Check Pods Manifest.lock */,
				069FA1BB236B04B50057BAD1 /* Sources */,
				069FA1BC236B04B50057BAD1 /* Frameworks */,
				069FA1BD236B04B50057BAD1 /* Resources */,
				8AC4EB24DE54D809621423A7 /* [CP] Embed Pods Frameworks */,
			);
			buildRules = (
			);
			dependencies = (
			);
			name = FaveoHelpdeskPro_Swift;
			productName = FaveoHelpdeskPro_Swift;
			productReference = 069FA1BF236B04B50057BAD1 /* FaveoHelpdeskPro_Swift.app */;
			productType = "com.apple.product-type.application";
		};
/* End PBXNativeTarget section */

/* Begin PBXProject section */
		069FA1B7236B04B50057BAD1 /* Project object */ = {
			isa = PBXProject;
			attributes = {
				LastSwiftUpdateCheck = 1110;
				LastUpgradeCheck = 1110;
				ORGANIZATIONNAME = "Mallikarjun H";
				TargetAttributes = {
					069FA1BE236B04B50057BAD1 = {
						CreatedOnToolsVersion = 11.1;
					};
				};
			};
			buildConfigurationList = 069FA1BA236B04B50057BAD1 /* Build configuration list for PBXProject "FaveoHelpdeskPro_Swift" */;
			compatibilityVersion = "Xcode 9.3";
			developmentRegion = en;
			hasScannedForEncodings = 0;
			knownRegions = (
				en,
				Base,
			);
			mainGroup = 069FA1B6236B04B50057BAD1;
			productRefGroup = 069FA1C0236B04B50057BAD1 /* Products */;
			projectDirPath = "";
			projectRoot = "";
			targets = (
				069FA1BE236B04B50057BAD1 /* FaveoHelpdeskPro_Swift */,
			);
		};
/* End PBXProject section */

/* Begin PBXResourcesBuildPhase section */
		069FA1BD236B04B50057BAD1 /* Resources */ = {
			isa = PBXResourcesBuildPhase;
			buildActionMask = 2147483647;
			files = (
				06D713D02370295E000AEFF1 /* helpdeskLogo.png in Resources */,
				069FA1CF236B04E10057BAD1 /* LaunchScreen.storyboard in Resources */,
				06D713D12370295E000AEFF1 /* main_helpdesk.jpg in Resources */,
				069FA1CC236B04E10057BAD1 /* Assets.xcassets in Resources */,
				069FA1CA236B04B50057BAD1 /* Main.storyboard in Resources */,
			);
			runOnlyForDeploymentPostprocessing = 0;
		};
/* End PBXResourcesBuildPhase section */

/* Begin PBXShellScriptBuildPhase section */
		8AC4EB24DE54D809621423A7 /* [CP] Embed Pods Frameworks */ = {
			isa = PBXShellScriptBuildPhase;
			buildActionMask = 2147483647;
			files = (
			);
			inputFileListPaths = (
				"${PODS_ROOT}/Target Support Files/Pods-FaveoHelpdeskPro_Swift/Pods-FaveoHelpdeskPro_Swift-frameworks-${CONFIGURATION}-input-files.xcfilelist",
			);
			name = "[CP] Embed Pods Frameworks";
			outputFileListPaths = (
				"${PODS_ROOT}/Target Support Files/Pods-FaveoHelpdeskPro_Swift/Pods-FaveoHelpdeskPro_Swift-frameworks-${CONFIGURATION}-output-files.xcfilelist",
			);
			runOnlyForDeploymentPostprocessing = 0;
			shellPath = /bin/sh;
			shellScript = "\"${PODS_ROOT}/Target Support Files/Pods-FaveoHelpdeskPro_Swift/Pods-FaveoHelpdeskPro_Swift-frameworks.sh\"\n";
			showEnvVarsInLog = 0;
		};
		C2A30A48A8F3B5961F87D3C5 /* [CP] Check Pods Manifest.lock */ = {
			isa = PBXShellScriptBuildPhase;
			buildActionMask = 2147483647;
			files = (
			);
			inputFileListPaths = (
			);
			inputPaths = (
				"${PODS_PODFILE_DIR_PATH}/Podfile.lock",
				"${PODS_ROOT}/Manifest.lock",
			);
			name = "[CP] Check Pods Manifest.lock";
			outputFileListPaths = (
			);
			outputPaths = (
				"$(DERIVED_FILE_DIR)/Pods-FaveoHelpdeskPro_Swift-checkManifestLockResult.txt",
			);
			runOnlyForDeploymentPostprocessing = 0;
			shellPath = /bin/sh;
			shellScript = "diff \"${PODS_PODFILE_DIR_PATH}/Podfile.lock\" \"${PODS_ROOT}/Manifest.lock\" > /dev/null\nif [ $? != 0 ] ; then\n    # print error to STDERR\n    echo \"error: The sandbox is not in sync with the Podfile.lock. Run 'pod install' or update your CocoaPods installation.\" >&2\n    exit 1\nfi\n# This output is used by Xcode 'outputs' to avoid re-running this script phase.\necho \"SUCCESS\" > \"${SCRIPT_OUTPUT_FILE_0}\"\n";
			showEnvVarsInLog = 0;
		};
/* End PBXShellScriptBuildPhase section */

/* Begin PBXSourcesBuildPhase section */
		069FA1BB236B04B50057BAD1 /* Sources */ = {
			isa = PBXSourcesBuildPhase;
			buildActionMask = 2147483647;
			files = (
				06AD4C512372DCDE001579B8 /* LoginViewController.swift in Sources */,
				06AD4C532372DDD9001579B8 /* WebServices.swift in Sources */,
				069FA1C7236B04B50057BAD1 /* ViewController.swift in Sources */,
				069FA1C3236B04B50057BAD1 /* AppDelegate.swift in Sources */,
				069FA1C5236B04B50057BAD1 /* SceneDelegate.swift in Sources */,
				06AD4C552372DFEB001579B8 /* Utils.swift in Sources */,
			);
			runOnlyForDeploymentPostprocessing = 0;
		};
/* End PBXSourcesBuildPhase section */

/* Begin PBXVariantGroup section */
		069FA1C8236B04B50057BAD1 /* Main.storyboard */ = {
			isa = PBXVariantGroup;
			children = (
				069FA1C9236B04B50057BAD1 /* Base */,
			);
			name = Main.storyboard;
			sourceTree = "<group>";
		};
		069FA1CD236B04E10057BAD1 /* LaunchScreen.storyboard */ = {
			isa = PBXVariantGroup;
			children = (
				069FA1CE236B04E10057BAD1 /* Base */,
			);
			name = LaunchScreen.storyboard;
			sourceTree = "<group>";
		};
/* End PBXVariantGroup section */

/* Begin XCBuildConfiguration section */
		069FA1D1236B04E10057BAD1 /* Debug */ = {
			isa = XCBuildConfiguration;
			buildSettings = {
				ALWAYS_SEARCH_USER_PATHS = NO;
				CLANG_ANALYZER_NONNULL = YES;
				CLANG_ANALYZER_NUMBER_OBJECT_CONVERSION = YES_AGGRESSIVE;
				CLANG_CXX_LANGUAGE_STANDARD = "gnu++14";
				CLANG_CXX_LIBRARY = "libc++";
				CLANG_ENABLE_MODULES = YES;
				CLANG_ENABLE_OBJC_ARC = YES;
				CLANG_ENABLE_OBJC_WEAK = YES;
				CLANG_WARN_BLOCK_CAPTURE_AUTORELEASING = YES;
				CLANG_WARN_BOOL_CONVERSION = YES;
				CLANG_WARN_COMMA = YES;
				CLANG_WARN_CONSTANT_CONVERSION = YES;
				CLANG_WARN_DEPRECATED_OBJC_IMPLEMENTATIONS = YES;
				CLANG_WARN_DIRECT_OBJC_ISA_USAGE = YES_ERROR;
				CLANG_WARN_DOCUMENTATION_COMMENTS = YES;
				CLANG_WARN_EMPTY_BODY = YES;
				CLANG_WARN_ENUM_CONVERSION = YES;
				CLANG_WARN_INFINITE_RECURSION = YES;
				CLANG_WARN_INT_CONVERSION = YES;
				CLANG_WARN_NON_LITERAL_NULL_CONVERSION = YES;
				CLANG_WARN_OBJC_IMPLICIT_RETAIN_SELF = YES;
				CLANG_WARN_OBJC_LITERAL_CONVERSION = YES;
				CLANG_WARN_OBJC_ROOT_CLASS = YES_ERROR;
				CLANG_WARN_RANGE_LOOP_ANALYSIS = YES;
				CLANG_WARN_STRICT_PROTOTYPES = YES;
				CLANG_WARN_SUSPICIOUS_MOVE = YES;
				CLANG_WARN_UNGUARDED_AVAILABILITY = YES_AGGRESSIVE;
				CLANG_WARN_UNREACHABLE_CODE = YES;
				CLANG_WARN__DUPLICATE_METHOD_MATCH = YES;
				COPY_PHASE_STRIP = NO;
				DEBUG_INFORMATION_FORMAT = dwarf;
				ENABLE_STRICT_OBJC_MSGSEND = YES;
				ENABLE_TESTABILITY = YES;
				GCC_C_LANGUAGE_STANDARD = gnu11;
				GCC_DYNAMIC_NO_PIC = NO;
				GCC_NO_COMMON_BLOCKS = YES;
				GCC_OPTIMIZATION_LEVEL = 0;
				GCC_PREPROCESSOR_DEFINITIONS = (
					"DEBUG=1",
					"$(inherited)",
				);
				GCC_WARN_64_TO_32_BIT_CONVERSION = YES;
				GCC_WARN_ABOUT_RETURN_TYPE = YES_ERROR;
				GCC_WARN_UNDECLARED_SELECTOR = YES;
				GCC_WARN_UNINITIALIZED_AUTOS = YES_AGGRESSIVE;
				GCC_WARN_UNUSED_FUNCTION = YES;
				GCC_WARN_UNUSED_VARIABLE = YES;
				IPHONEOS_DEPLOYMENT_TARGET = 11.0;
				MTL_ENABLE_DEBUG_INFO = INCLUDE_SOURCE;
				MTL_FAST_MATH = YES;
				ONLY_ACTIVE_ARCH = YES;
				SDKROOT = iphoneos;
				SWIFT_ACTIVE_COMPILATION_CONDITIONS = DEBUG;
				SWIFT_OPTIMIZATION_LEVEL = "-Onone";
			};
			name = Debug;
		};
		069FA1D2236B04E10057BAD1 /* Release */ = {
			isa = XCBuildConfiguration;
			buildSettings = {
				ALWAYS_SEARCH_USER_PATHS = NO;
				CLANG_ANALYZER_NONNULL = YES;
				CLANG_ANALYZER_NUMBER_OBJECT_CONVERSION = YES_AGGRESSIVE;
				CLANG_CXX_LANGUAGE_STANDARD = "gnu++14";
				CLANG_CXX_LIBRARY = "libc++";
				CLANG_ENABLE_MODULES = YES;
				CLANG_ENABLE_OBJC_ARC = YES;
				CLANG_ENABLE_OBJC_WEAK = YES;
				CLANG_WARN_BLOCK_CAPTURE_AUTORELEASING = YES;
				CLANG_WARN_BOOL_CONVERSION = YES;
				CLANG_WARN_COMMA = YES;
				CLANG_WARN_CONSTANT_CONVERSION = YES;
				CLANG_WARN_DEPRECATED_OBJC_IMPLEMENTATIONS = YES;
				CLANG_WARN_DIRECT_OBJC_ISA_USAGE = YES_ERROR;
				CLANG_WARN_DOCUMENTATION_COMMENTS = YES;
				CLANG_WARN_EMPTY_BODY = YES;
				CLANG_WARN_ENUM_CONVERSION = YES;
				CLANG_WARN_INFINITE_RECURSION = YES;
				CLANG_WARN_INT_CONVERSION = YES;
				CLANG_WARN_NON_LITERAL_NULL_CONVERSION = YES;
				CLANG_WARN_OBJC_IMPLICIT_RETAIN_SELF = YES;
				CLANG_WARN_OBJC_LITERAL_CONVERSION = YES;
				CLANG_WARN_OBJC_ROOT_CLASS = YES_ERROR;
				CLANG_WARN_RANGE_LOOP_ANALYSIS = YES;
				CLANG_WARN_STRICT_PROTOTYPES = YES;
				CLANG_WARN_SUSPICIOUS_MOVE = YES;
				CLANG_WARN_UNGUARDED_AVAILABILITY = YES_AGGRESSIVE;
				CLANG_WARN_UNREACHABLE_CODE = YES;
				CLANG_WARN__DUPLICATE_METHOD_MATCH = YES;
				COPY_PHASE_STRIP = NO;
				DEBUG_INFORMATION_FORMAT = "dwarf-with-dsym";
				ENABLE_NS_ASSERTIONS = NO;
				ENABLE_STRICT_OBJC_MSGSEND = YES;
				GCC_C_LANGUAGE_STANDARD = gnu11;
				GCC_NO_COMMON_BLOCKS = YES;
				GCC_WARN_64_TO_32_BIT_CONVERSION = YES;
				GCC_WARN_ABOUT_RETURN_TYPE = YES_ERROR;
				GCC_WARN_UNDECLARED_SELECTOR = YES;
				GCC_WARN_UNINITIALIZED_AUTOS = YES_AGGRESSIVE;
				GCC_WARN_UNUSED_FUNCTION = YES;
				GCC_WARN_UNUSED_VARIABLE = YES;
				IPHONEOS_DEPLOYMENT_TARGET = 11.0;
				MTL_ENABLE_DEBUG_INFO = NO;
				MTL_FAST_MATH = YES;
				SDKROOT = iphoneos;
				SWIFT_COMPILATION_MODE = wholemodule;
				SWIFT_OPTIMIZATION_LEVEL = "-O";
				VALIDATE_PRODUCT = YES;
			};
			name = Release;
		};
		069FA1D4236B04E10057BAD1 /* Debug */ = {
			isa = XCBuildConfiguration;
			baseConfigurationReference = C10C993AA0740565531E2D9F /* Pods-FaveoHelpdeskPro_Swift.debug.xcconfig */;
			buildSettings = {
				ASSETCATALOG_COMPILER_APPICON_NAME = AppIcon;
				CODE_SIGN_STYLE = Automatic;
				DEVELOPMENT_TEAM = 9HVHM5PPH2;
				INFOPLIST_FILE = FaveoHelpdeskPro_Swift/Info.plist;
				LD_RUNPATH_SEARCH_PATHS = (
					"$(inherited)",
					"@executable_path/Frameworks",
				);
				PRODUCT_BUNDLE_IDENTIFIER = "TestExamples.FaveoHelpdeskPro-Swift";
				PRODUCT_NAME = "$(TARGET_NAME)";
				SWIFT_VERSION = 5.0;
				TARGETED_DEVICE_FAMILY = 1;
			};
			name = Debug;
		};
		069FA1D5236B04E10057BAD1 /* Release */ = {
			isa = XCBuildConfiguration;
			baseConfigurationReference = 2A4761A134BF2BAD59A90B77 /* Pods-FaveoHelpdeskPro_Swift.release.xcconfig */;
			buildSettings = {
				ASSETCATALOG_COMPILER_APPICON_NAME = AppIcon;
				CODE_SIGN_STYLE = Automatic;
				DEVELOPMENT_TEAM = 9HVHM5PPH2;
				INFOPLIST_FILE = FaveoHelpdeskPro_Swift/Info.plist;
				LD_RUNPATH_SEARCH_PATHS = (
					"$(inherited)",
					"@executable_path/Frameworks",
				);
				PRODUCT_BUNDLE_IDENTIFIER = "TestExamples.FaveoHelpdeskPro-Swift";
				PRODUCT_NAME = "$(TARGET_NAME)";
				SWIFT_VERSION = 5.0;
				TARGETED_DEVICE_FAMILY = 1;
			};
			name = Release;
		};
/* End XCBuildConfiguration section */

/* Begin XCConfigurationList section */
		069FA1BA236B04B50057BAD1 /* Build configuration list for PBXProject "FaveoHelpdeskPro_Swift" */ = {
			isa = XCConfigurationList;
			buildConfigurations = (
				069FA1D1236B04E10057BAD1 /* Debug */,
				069FA1D2236B04E10057BAD1 /* Release */,
			);
			defaultConfigurationIsVisible = 0;
			defaultConfigurationName = Release;
		};
		069FA1D3236B04E10057BAD1 /* Build configuration list for PBXNativeTarget "FaveoHelpdeskPro_Swift" */ = {
			isa = XCConfigurationList;
			buildConfigurations = (
				069FA1D4236B04E10057BAD1 /* Debug */,
				069FA1D5236B04E10057BAD1 /* Release */,
			);
			defaultConfigurationIsVisible = 0;
			defaultConfigurationName = Release;
		};
/* End XCConfigurationList section */
	};
	rootObject = 069FA1B7236B04B50057BAD1 /* Project object */;
}
